
Microsoft Visual Studio Solution File, Format Version 12.00
# Visual Studio Version 17
VisualStudioVersion = 17.5.33530.505
MinimumVisualStudioVersion = 10.0.40219.1
Project("{FAE04EC0-301F-11D3-BF4B-00C04F79EFBC}") = "NLogCRUDOperations", "NLogCRUDOperations\NLogCRUDOperations.csproj", "{58E36431-5255-489F-A691-ED863CF1695B}"
EndProject
Global
	GlobalSection(SolutionConfigurationPlatforms) = preSolution
		Debug|Any CPU = Debug|Any CPU
		Release|Any CPU = Release|Any CPU
	EndGlobalSection
	GlobalSection(ProjectConfigurationPlatforms) = postSolution
		{58E36431-5255-489F-A691-ED863CF1695B}.Debug|Any CPU.ActiveCfg = Debug|Any CPU
		{58E36431-5255-489F-A691-ED863CF1695B}.Debug|Any CPU.Build.0 = Debug|Any CPU
		{58E36431-5255-489F-A691-ED863CF1695B}.Release|Any CPU.ActiveCfg = Release|Any CPU
		{58E36431-5255-489F-A691-ED863CF1695B}.Release|Any CPU.Build.0 = Release|Any CPU
	EndGlobalSection
	GlobalSection(SolutionProperties) = preSolution
		HideSolutionNode = FALSE
	EndGlobalSection
	GlobalSection(ExtensibilityGlobals) = postSolution
		SolutionGuid = {9006B40B-A411-4ECF-86F7-9A07BAAC5FD8}
	EndGlobalSection
EndGlobal
